
Microsoft Visual Studio Solution File, Format Version 12.00
# Visual Studio Version 17
VisualStudioVersion = 17.11.35327.3
MinimumVisualStudioVersion = 10.0.40219.1
Project("{FAE04EC0-301F-11D3-BF4B-00C04F79EFBC}") = "BiteSizedDietPlan", "BiteSizedDietPlan\BiteSizedDietPlan.csproj", "{51CA967C-5089-4ECA-B850-4225D5F91276}"
EndProject
Project("{FAE04EC0-301F-11D3-BF4B-00C04F79EFBC}") = "BiteSizedDietPlan_BLL", "BiteSizedDietPlan_BLL\BiteSizedDietPlan_BLL.csproj", "{8D24546A-C721-4673-95A4-93E632D8BF0E}"
EndProject
Project("{FAE04EC0-301F-11D3-BF4B-00C04F79EFBC}") = "BiteSizedDietPlan_DAL", "BiteSizedDietPlan_DAL\BiteSizedDietPlan_DAL.csproj", "{6C5D9ED9-83F5-4AAD-AF05-D624E3CF8404}"
EndProject
Global
	GlobalSection(SolutionConfigurationPlatforms) = preSolution
		Debug|Any CPU = Debug|Any CPU
		Release|Any CPU = Release|Any CPU
	EndGlobalSection
	GlobalSection(ProjectConfigurationPlatforms) = postSolution
		{51CA967C-5089-4ECA-B850-4225D5F91276}.Debug|Any CPU.ActiveCfg = Debug|Any CPU
		{51CA967C-5089-4ECA-B850-4225D5F91276}.Debug|Any CPU.Build.0 = Debug|Any CPU
		{51CA967C-5089-4ECA-B850-4225D5F91276}.Release|Any CPU.ActiveCfg = Release|Any CPU
		{51CA967C-5089-4ECA-B850-4225D5F91276}.Release|Any CPU.Build.0 = Release|Any CPU
		{8D24546A-C721-4673-95A4-93E632D8BF0E}.Debug|Any CPU.ActiveCfg = Debug|Any CPU
		{8D24546A-C721-4673-95A4-93E632D8BF0E}.Debug|Any CPU.Build.0 = Debug|Any CPU
		{8D24546A-C721-4673-95A4-93E632D8BF0E}.Release|Any CPU.ActiveCfg = Release|Any CPU
		{8D24546A-C721-4673-95A4-93E632D8BF0E}.Release|Any CPU.Build.0 = Release|Any CPU
		{6C5D9ED9-83F5-4AAD-AF05-D624E3CF8404}.Debug|Any CPU.ActiveCfg = Debug|Any CPU
		{6C5D9ED9-83F5-4AAD-AF05-D624E3CF8404}.Debug|Any CPU.Build.0 = Debug|Any CPU
		{6C5D9ED9-83F5-4AAD-AF05-D624E3CF8404}.Release|Any CPU.ActiveCfg = Release|Any CPU
		{6C5D9ED9-83F5-4AAD-AF05-D624E3CF8404}.Release|Any CPU.Build.0 = Release|Any CPU
	EndGlobalSection
	GlobalSection(SolutionProperties) = preSolution
		HideSolutionNode = FALSE
	EndGlobalSection
	GlobalSection(ExtensibilityGlobals) = postSolution
		SolutionGuid = {111017E4-C724-47E2-AD9B-9C30AD0016AF}
	EndGlobalSection
EndGlobal
